GEM
  remote: https://rubygems.org/
  specs:
    minitest (6.0.0)
      prism (~> 1.5)
    prism (1.7.0)
    rake (13.3.1)

PLATFORMS
  ruby
  x86_64-linux

DEPENDENCIES
  minitest
  rake

CHECKSUMS
  minitest (6.0.0) sha256=4ca597fc1d735ea18d2b4b98c5fb1d5a6da4a6f35ddf32bd5fa3eded33a453be
  prism (1.7.0) sha256=10062f734bf7985c8424c44fac382ac04a58124ea3d220ec3ba9fe4f2da65103
  rake (13.3.1) sha256=8c9e89d09f66a26a01264e7e3480ec0607f0c497a861ef16063604b1b08eb19c

BUNDLED WITH
  4.0.3
